
Microsoft Visual Studio Solution File, Format Version 12.00
# Visual Studio Version 16
VisualStudioVersion = 16.0.31205.134
MinimumVisualStudioVersion = 10.0.40219.1
Project("{9A19103F-16F7-4668-BE54-9A1E7A4F7556}") = "EonixConsole", "EonixConsole.csproj", "{221171B8-4EC8-4BFE-9DB3-147E58C69948}"
EndProject
Global
	GlobalSection(SolutionConfigurationPlatforms) = preSolution
		Debug|Any CPU = Debug|Any CPU
		Release|Any CPU = Release|Any CPU
	EndGlobalSection
	GlobalSection(ProjectConfigurationPlatforms) = postSolution
		{221171B8-4EC8-4BFE-9DB3-147E58C69948}.Debug|Any CPU.ActiveCfg = Debug|Any CPU
		{221171B8-4EC8-4BFE-9DB3-147E58C69948}.Debug|Any CPU.Build.0 = Debug|Any CPU
		{221171B8-4EC8-4BFE-9DB3-147E58C69948}.Release|Any CPU.ActiveCfg = Release|Any CPU
		{221171B8-4EC8-4BFE-9DB3-147E58C69948}.Release|Any CPU.Build.0 = Release|Any CPU
	EndGlobalSection
	GlobalSection(SolutionProperties) = preSolution
		HideSolutionNode = FALSE
	EndGlobalSection
	GlobalSection(ExtensibilityGlobals) = postSolution
		SolutionGuid = {B3DCF55C-EB39-4CCB-AC3A-951A1B83D4A0}
	EndGlobalSection
EndGlobal
